
Microsoft Visual Studio Solution File, Format Version 12.00
# Visual Studio 15
Project("{FAE04EC0-301F-11D3-BF4B-00C04F79EFBC}") = "VRC.SDKBase", "VRC.SDKBase.csproj", "{1E5311F1-C7AC-88BB-344F-FF6350895DE2}"
EndProject
Project("{FAE04EC0-301F-11D3-BF4B-00C04F79EFBC}") = "VRC.Udon.Serialization.OdinSerializer", "VRC.Udon.Serialization.OdinSerializer.csproj", "{251CB55F-C334-B1BF-D2A7-C7F53E899F56}"
EndProject
Project("{FAE04EC0-301F-11D3-BF4B-00C04F79EFBC}") = "UniTask", "UniTask.csproj", "{7711CCEE-4E9D-023F-D286-49D6AA13F92C}"
EndProject
Project("{FAE04EC0-301F-11D3-BF4B-00C04F79EFBC}") = "UdonSharp.Runtime", "UdonSharp.Runtime.csproj", "{797C6311-3DCC-3A9D-EB05-7862D5220043}"
EndProject
Project("{FAE04EC0-301F-11D3-BF4B-00C04F79EFBC}") = "VRC.Udon", "VRC.Udon.csproj", "{E4FAFEC8-0C76-3F4D-8559-AD84BCF45A15}"
EndProject
Project("{FAE04EC0-301F-11D3-BF4B-00C04F79EFBC}") = "UniTask.Linq", "UniTask.Linq.csproj", "{2A71B611-27EA-BE9F-7BBF-984AE175F945}"
EndProject
Project("{FAE04EC0-301F-11D3-BF4B-00C04F79EFBC}") = "VRC.ClientSim", "VRC.ClientSim.csproj", "{8EA0E1E2-B64F-F9D3-45FB-9DBAB324CEB0}"
EndProject
Project("{FAE04EC0-301F-11D3-BF4B-00C04F79EFBC}") = "vrchat.jordo.easyquestswitch", "vrchat.jordo.easyquestswitch.csproj", "{0DDEE02D-052E-E746-3695-842B57387D0E}"
EndProject
Project("{FAE04EC0-301F-11D3-BF4B-00C04F79EFBC}") = "Assembly-CSharp", "Assembly-CSharp.csproj", "{805114D8-C5F5-2218-9264-E03504BCFC85}"
EndProject
Project("{FAE04EC0-301F-11D3-BF4B-00C04F79EFBC}") = "QvPen", "QvPen.csproj", "{12978A1C-7E71-D5DC-44DA-92B80B94AD19}"
EndProject
Project("{FAE04EC0-301F-11D3-BF4B-00C04F79EFBC}") = "VRC.SDK3", "VRC.SDK3.csproj", "{DE659B6E-CBD5-8B36-3D5A-66A5E8B1C8DD}"
EndProject
Project("{FAE04EC0-301F-11D3-BF4B-00C04F79EFBC}") = "UdonSharp.Lib", "UdonSharp.Lib.csproj", "{D6BF36E3-DCC6-BCF7-C327-AF40022C29A4}"
EndProject
Project("{FAE04EC0-301F-11D3-BF4B-00C04F79EFBC}") = "VRC.SDKBase.Editor.BuildPipeline", "VRC.SDKBase.Editor.BuildPipeline.csproj", "{7CFC8970-DF24-AF2C-0C9C-98898B5E8201}"
EndProject
Project("{FAE04EC0-301F-11D3-BF4B-00C04F79EFBC}") = "nadena.dev.ndmf.runtime", "nadena.dev.ndmf.runtime.csproj", "{9086BCDD-2A8B-F08A-BFB5-C8153CAB5EF5}"
EndProject
Project("{FAE04EC0-301F-11D3-BF4B-00C04F79EFBC}") = "UniTask.TextMeshPro", "UniTask.TextMeshPro.csproj", "{C1D3917F-28A9-8792-47F4-78EACED24D74}"
EndProject
Project("{FAE04EC0-301F-11D3-BF4B-00C04F79EFBC}") = "UniTask.DOTween", "UniTask.DOTween.csproj", "{0745AFED-FCCD-F8AB-40E4-537E398BAE5F}"
EndProject
Project("{FAE04EC0-301F-11D3-BF4B-00C04F79EFBC}") = "UniTask.Addressables", "UniTask.Addressables.csproj", "{E40646D2-65C5-4C96-9347-A0E7C9553F8F}"
EndProject
Project("{FAE04EC0-301F-11D3-BF4B-00C04F79EFBC}") = "VRC.SDKBase.Editor", "VRC.SDKBase.Editor.csproj", "{A831059C-EBE7-8CDC-E21D-CEEC068DFE4D}"
EndProject
Project("{FAE04EC0-301F-11D3-BF4B-00C04F79EFBC}") = "UdonSharp.Editor", "UdonSharp.Editor.csproj", "{3EF77A91-D29C-00D9-125D-39CF47F16AF3}"
EndProject
Project("{FAE04EC0-301F-11D3-BF4B-00C04F79EFBC}") = "nadena.dev.ndmf", "nadena.dev.ndmf.csproj", "{76E09FD0-0CBC-BC51-E689-85C837FE8E95}"
EndProject
Project("{FAE04EC0-301F-11D3-BF4B-00C04F79EFBC}") = "VRC.Udon.Editor", "VRC.Udon.Editor.csproj", "{64D39FF1-D46D-D150-7A86-3ABC1807E5A3}"
EndProject
Project("{FAE04EC0-301F-11D3-BF4B-00C04F79EFBC}") = "VRC.SDK3.Editor", "VRC.SDK3.Editor.csproj", "{AF9E4446-26A2-52A6-D45E-8B5E26D5AAB9}"
EndProject
Project("{FAE04EC0-301F-11D3-BF4B-00C04F79EFBC}") = "VRWorldToolkit.Editor", "VRWorldToolkit.Editor.csproj", "{C9A169B9-4757-494B-6EEF-179296C35562}"
EndProject
Project("{FAE04EC0-301F-11D3-BF4B-00C04F79EFBC}") = "UnityEditorTests", "UnityEditorTests.csproj", "{BC0FDF83-4189-7857-9605-F42E1A3624EE}"
EndProject
Project("{FAE04EC0-301F-11D3-BF4B-00C04F79EFBC}") = "VRC.SDKBase.Editor.ShaderStripping", "VRC.SDKBase.Editor.ShaderStripping.csproj", "{4A69A969-08E9-5E11-A360-5544713C4FB0}"
EndProject
Project("{FAE04EC0-301F-11D3-BF4B-00C04F79EFBC}") = "com.vrchat.core.vpm-resolver.Editor", "com.vrchat.core.vpm-resolver.Editor.csproj", "{0DED4E67-1C17-7314-84E6-C77CE84C2302}"
EndProject
Project("{FAE04EC0-301F-11D3-BF4B-00C04F79EFBC}") = "VRC.ClientSim.Editor", "VRC.ClientSim.Editor.csproj", "{858AF1B4-4C24-5FCD-D5CD-EA4A93B0FD23}"
EndProject
Project("{FAE04EC0-301F-11D3-BF4B-00C04F79EFBC}") = "UniTask.Editor", "UniTask.Editor.csproj", "{C34A3EFC-8BB0-947E-3C0D-5A263E38ECE0}"
EndProject
Project("{FAE04EC0-301F-11D3-BF4B-00C04F79EFBC}") = "vrchat.jordo.easyquestswitch.Editor", "vrchat.jordo.easyquestswitch.Editor.csproj", "{D8B0E224-F562-64D7-EAD9-750ADD7F6CCF}"
EndProject
Global
	GlobalSection(SolutionConfigurationPlatforms) = preSolution
		Debug|Any CPU = Debug|Any CPU
		Release|Any CPU = Release|Any CPU
	EndGlobalSection
	GlobalSection(ProjectConfigurationPlatforms) = postSolution
		{1E5311F1-C7AC-88BB-344F-FF6350895DE2}.Debug|Any CPU.ActiveCfg = Debug|Any CPU
		{1E5311F1-C7AC-88BB-344F-FF6350895DE2}.Debug|Any CPU.Build.0 = Debug|Any CPU
		{1E5311F1-C7AC-88BB-344F-FF6350895DE2}.Release|Any CPU.ActiveCfg = Release|Any CPU
		{1E5311F1-C7AC-88BB-344F-FF6350895DE2}.Release|Any CPU.Build.0 = Release|Any CPU
		{251CB55F-C334-B1BF-D2A7-C7F53E899F56}.Debug|Any CPU.ActiveCfg = Debug|Any CPU
		{251CB55F-C334-B1BF-D2A7-C7F53E899F56}.Debug|Any CPU.Build.0 = Debug|Any CPU
		{251CB55F-C334-B1BF-D2A7-C7F53E899F56}.Release|Any CPU.ActiveCfg = Release|Any CPU
		{251CB55F-C334-B1BF-D2A7-C7F53E899F56}.Release|Any CPU.Build.0 = Release|Any CPU
		{7711CCEE-4E9D-023F-D286-49D6AA13F92C}.Debug|Any CPU.ActiveCfg = Debug|Any CPU
		{7711CCEE-4E9D-023F-D286-49D6AA13F92C}.Debug|Any CPU.Build.0 = Debug|Any CPU
		{7711CCEE-4E9D-023F-D286-49D6AA13F92C}.Release|Any CPU.ActiveCfg = Release|Any CPU
		{7711CCEE-4E9D-023F-D286-49D6AA13F92C}.Release|Any CPU.Build.0 = Release|Any CPU
		{797C6311-3DCC-3A9D-EB05-7862D5220043}.Debug|Any CPU.ActiveCfg = Debug|Any CPU
		{797C6311-3DCC-3A9D-EB05-7862D5220043}.Debug|Any CPU.Build.0 = Debug|Any CPU
		{797C6311-3DCC-3A9D-EB05-7862D5220043}.Release|Any CPU.ActiveCfg = Release|Any CPU
		{797C6311-3DCC-3A9D-EB05-7862D5220043}.Release|Any CPU.Build.0 = Release|Any CPU
		{E4FAFEC8-0C76-3F4D-8559-AD84BCF45A15}.Debug|Any CPU.ActiveCfg = Debug|Any CPU
		{E4FAFEC8-0C76-3F4D-8559-AD84BCF45A15}.Debug|Any CPU.Build.0 = Debug|Any CPU
		{E4FAFEC8-0C76-3F4D-8559-AD84BCF45A15}.Release|Any CPU.ActiveCfg = Release|Any CPU
		{E4FAFEC8-0C76-3F4D-8559-AD84BCF45A15}.Release|Any CPU.Build.0 = Release|Any CPU
		{2A71B611-27EA-BE9F-7BBF-984AE175F945}.Debug|Any CPU.ActiveCfg = Debug|Any CPU
		{2A71B611-27EA-BE9F-7BBF-984AE175F945}.Debug|Any CPU.Build.0 = Debug|Any CPU
		{2A71B611-27EA-BE9F-7BBF-984AE175F945}.Release|Any CPU.ActiveCfg = Release|Any CPU
		{2A71B611-27EA-BE9F-7BBF-984AE175F945}.Release|Any CPU.Build.0 = Release|Any CPU
		{8EA0E1E2-B64F-F9D3-45FB-9DBAB324CEB0}.Debug|Any CPU.ActiveCfg = Debug|Any CPU
		{8EA0E1E2-B64F-F9D3-45FB-9DBAB324CEB0}.Debug|Any CPU.Build.0 = Debug|Any CPU
		{8EA0E1E2-B64F-F9D3-45FB-9DBAB324CEB0}.Release|Any CPU.ActiveCfg = Release|Any CPU
		{8EA0E1E2-B64F-F9D3-45FB-9DBAB324CEB0}.Release|Any CPU.Build.0 = Release|Any CPU
		{0DDEE02D-052E-E746-3695-842B57387D0E}.Debug|Any CPU.ActiveCfg = Debug|Any CPU
		{0DDEE02D-052E-E746-3695-842B57387D0E}.Debug|Any CPU.Build.0 = Debug|Any CPU
		{0DDEE02D-052E-E746-3695-842B57387D0E}.Release|Any CPU.ActiveCfg = Release|Any CPU
		{0DDEE02D-052E-E746-3695-842B57387D0E}.Release|Any CPU.Build.0 = Release|Any CPU
		{805114D8-C5F5-2218-9264-E03504BCFC85}.Debug|Any CPU.ActiveCfg = Debug|Any CPU
		{805114D8-C5F5-2218-9264-E03504BCFC85}.Debug|Any CPU.Build.0 = Debug|Any CPU
		{805114D8-C5F5-2218-9264-E03504BCFC85}.Release|Any CPU.ActiveCfg = Release|Any CPU
		{805114D8-C5F5-2218-9264-E03504BCFC85}.Release|Any CPU.Build.0 = Release|Any CPU
		{12978A1C-7E71-D5DC-44DA-92B80B94AD19}.Debug|Any CPU.ActiveCfg = Debug|Any CPU
		{12978A1C-7E71-D5DC-44DA-92B80B94AD19}.Debug|Any CPU.Build.0 = Debug|Any CPU
		{12978A1C-7E71-D5DC-44DA-92B80B94AD19}.Release|Any CPU.ActiveCfg = Release|Any CPU
		{12978A1C-7E71-D5DC-44DA-92B80B94AD19}.Release|Any CPU.Build.0 = Release|Any CPU
		{DE659B6E-CBD5-8B36-3D5A-66A5E8B1C8DD}.Debug|Any CPU.ActiveCfg = Debug|Any CPU
		{DE659B6E-CBD5-8B36-3D5A-66A5E8B1C8DD}.Debug|Any CPU.Build.0 = Debug|Any CPU
		{DE659B6E-CBD5-8B36-3D5A-66A5E8B1C8DD}.Release|Any CPU.ActiveCfg = Release|Any CPU
		{DE659B6E-CBD5-8B36-3D5A-66A5E8B1C8DD}.Release|Any CPU.Build.0 = Release|Any CPU
		{D6BF36E3-DCC6-BCF7-C327-AF40022C29A4}.Debug|Any CPU.ActiveCfg = Debug|Any CPU
		{D6BF36E3-DCC6-BCF7-C327-AF40022C29A4}.Debug|Any CPU.Build.0 = Debug|Any CPU
		{D6BF36E3-DCC6-BCF7-C327-AF40022C29A4}.Release|Any CPU.ActiveCfg = Release|Any CPU
		{D6BF36E3-DCC6-BCF7-C327-AF40022C29A4}.Release|Any CPU.Build.0 = Release|Any CPU
		{7CFC8970-DF24-AF2C-0C9C-98898B5E8201}.Debug|Any CPU.ActiveCfg = Debug|Any CPU
		{7CFC8970-DF24-AF2C-0C9C-98898B5E8201}.Debug|Any CPU.Build.0 = Debug|Any CPU
		{7CFC8970-DF24-AF2C-0C9C-98898B5E8201}.Release|Any CPU.ActiveCfg = Release|Any CPU
		{7CFC8970-DF24-AF2C-0C9C-98898B5E8201}.Release|Any CPU.Build.0 = Release|Any CPU
		{9086BCDD-2A8B-F08A-BFB5-C8153CAB5EF5}.Debug|Any CPU.ActiveCfg = Debug|Any CPU
		{9086BCDD-2A8B-F08A-BFB5-C8153CAB5EF5}.Debug|Any CPU.Build.0 = Debug|Any CPU
		{9086BCDD-2A8B-F08A-BFB5-C8153CAB5EF5}.Release|Any CPU.ActiveCfg = Release|Any CPU
		{9086BCDD-2A8B-F08A-BFB5-C8153CAB5EF5}.Release|Any CPU.Build.0 = Release|Any CPU
		{C1D3917F-28A9-8792-47F4-78EACED24D74}.Debug|Any CPU.ActiveCfg = Debug|Any CPU
		{C1D3917F-28A9-8792-47F4-78EACED24D74}.Debug|Any CPU.Build.0 = Debug|Any CPU
		{C1D3917F-28A9-8792-47F4-78EACED24D74}.Release|Any CPU.ActiveCfg = Release|Any CPU
		{C1D3917F-28A9-8792-47F4-78EACED24D74}.Release|Any CPU.Build.0 = Release|Any CPU
		{0745AFED-FCCD-F8AB-40E4-537E398BAE5F}.Debug|Any CPU.ActiveCfg = Debug|Any CPU
		{0745AFED-FCCD-F8AB-40E4-537E398BAE5F}.Debug|Any CPU.Build.0 = Debug|Any CPU
		{0745AFED-FCCD-F8AB-40E4-537E398BAE5F}.Release|Any CPU.ActiveCfg = Release|Any CPU
		{0745AFED-FCCD-F8AB-40E4-537E398BAE5F}.Release|Any CPU.Build.0 = Release|Any CPU
		{E40646D2-65C5-4C96-9347-A0E7C9553F8F}.Debug|Any CPU.ActiveCfg = Debug|Any CPU
		{E40646D2-65C5-4C96-9347-A0E7C9553F8F}.Debug|Any CPU.Build.0 = Debug|Any CPU
		{E40646D2-65C5-4C96-9347-A0E7C9553F8F}.Release|Any CPU.ActiveCfg = Release|Any CPU
		{E40646D2-65C5-4C96-9347-A0E7C9553F8F}.Release|Any CPU.Build.0 = Release|Any CPU
		{A831059C-EBE7-8CDC-E21D-CEEC068DFE4D}.Debug|Any CPU.ActiveCfg = Debug|Any CPU
		{A831059C-EBE7-8CDC-E21D-CEEC068DFE4D}.Debug|Any CPU.Build.0 = Debug|Any CPU
		{A831059C-EBE7-8CDC-E21D-CEEC068DFE4D}.Release|Any CPU.ActiveCfg = Release|Any CPU
		{A831059C-EBE7-8CDC-E21D-CEEC068DFE4D}.Release|Any CPU.Build.0 = Release|Any CPU
		{3EF77A91-D29C-00D9-125D-39CF47F16AF3}.Debug|Any CPU.ActiveCfg = Debug|Any CPU
		{3EF77A91-D29C-00D9-125D-39CF47F16AF3}.Debug|Any CPU.Build.0 = Debug|Any CPU
		{3EF77A91-D29C-00D9-125D-39CF47F16AF3}.Release|Any CPU.ActiveCfg = Release|Any CPU
		{3EF77A91-D29C-00D9-125D-39CF47F16AF3}.Release|Any CPU.Build.0 = Release|Any CPU
		{76E09FD0-0CBC-BC51-E689-85C837FE8E95}.Debug|Any CPU.ActiveCfg = Debug|Any CPU
		{76E09FD0-0CBC-BC51-E689-85C837FE8E95}.Debug|Any CPU.Build.0 = Debug|Any CPU
		{76E09FD0-0CBC-BC51-E689-85C837FE8E95}.Release|Any CPU.ActiveCfg = Release|Any CPU
		{76E09FD0-0CBC-BC51-E689-85C837FE8E95}.Release|Any CPU.Build.0 = Release|Any CPU
		{64D39FF1-D46D-D150-7A86-3ABC1807E5A3}.Debug|Any CPU.ActiveCfg = Debug|Any CPU
		{64D39FF1-D46D-D150-7A86-3ABC1807E5A3}.Debug|Any CPU.Build.0 = Debug|Any CPU
		{64D39FF1-D46D-D150-7A86-3ABC1807E5A3}.Release|Any CPU.ActiveCfg = Release|Any CPU
		{64D39FF1-D46D-D150-7A86-3ABC1807E5A3}.Release|Any CPU.Build.0 = Release|Any CPU
		{AF9E4446-26A2-52A6-D45E-8B5E26D5AAB9}.Debug|Any CPU.ActiveCfg = Debug|Any CPU
		{AF9E4446-26A2-52A6-D45E-8B5E26D5AAB9}.Debug|Any CPU.Build.0 = Debug|Any CPU
		{AF9E4446-26A2-52A6-D45E-8B5E26D5AAB9}.Release|Any CPU.ActiveCfg = Release|Any CPU
		{AF9E4446-26A2-52A6-D45E-8B5E26D5AAB9}.Release|Any CPU.Build.0 = Release|Any CPU
		{C9A169B9-4757-494B-6EEF-179296C35562}.Debug|Any CPU.ActiveCfg = Debug|Any CPU
		{C9A169B9-4757-494B-6EEF-179296C35562}.Debug|Any CPU.Build.0 = Debug|Any CPU
		{C9A169B9-4757-494B-6EEF-179296C35562}.Release|Any CPU.ActiveCfg = Release|Any CPU
		{C9A169B9-4757-494B-6EEF-179296C35562}.Release|Any CPU.Build.0 = Release|Any CPU
		{BC0FDF83-4189-7857-9605-F42E1A3624EE}.Debug|Any CPU.ActiveCfg = Debug|Any CPU
		{BC0FDF83-4189-7857-9605-F42E1A3624EE}.Debug|Any CPU.Build.0 = Debug|Any CPU
		{BC0FDF83-4189-7857-9605-F42E1A3624EE}.Release|Any CPU.ActiveCfg = Release|Any CPU
		{BC0FDF83-4189-7857-9605-F42E1A3624EE}.Release|Any CPU.Build.0 = Release|Any CPU
		{4A69A969-08E9-5E11-A360-5544713C4FB0}.Debug|Any CPU.ActiveCfg = Debug|Any CPU
		{4A69A969-08E9-5E11-A360-5544713C4FB0}.Debug|Any CPU.Build.0 = Debug|Any CPU
		{4A69A969-08E9-5E11-A360-5544713C4FB0}.Release|Any CPU.ActiveCfg = Release|Any CPU
		{4A69A969-08E9-5E11-A360-5544713C4FB0}.Release|Any CPU.Build.0 = Release|Any CPU
		{0DED4E67-1C17-7314-84E6-C77CE84C2302}.Debug|Any CPU.ActiveCfg = Debug|Any CPU
		{0DED4E67-1C17-7314-84E6-C77CE84C2302}.Debug|Any CPU.Build.0 = Debug|Any CPU
		{0DED4E67-1C17-7314-84E6-C77CE84C2302}.Release|Any CPU.ActiveCfg = Release|Any CPU
		{0DED4E67-1C17-7314-84E6-C77CE84C2302}.Release|Any CPU.Build.0 = Release|Any CPU
		{858AF1B4-4C24-5FCD-D5CD-EA4A93B0FD23}.Debug|Any CPU.ActiveCfg = Debug|Any CPU
		{858AF1B4-4C24-5FCD-D5CD-EA4A93B0FD23}.Debug|Any CPU.Build.0 = Debug|Any CPU
		{858AF1B4-4C24-5FCD-D5CD-EA4A93B0FD23}.Release|Any CPU.ActiveCfg = Release|Any CPU
		{858AF1B4-4C24-5FCD-D5CD-EA4A93B0FD23}.Release|Any CPU.Build.0 = Release|Any CPU
		{C34A3EFC-8BB0-947E-3C0D-5A263E38ECE0}.Debug|Any CPU.ActiveCfg = Debug|Any CPU
		{C34A3EFC-8BB0-947E-3C0D-5A263E38ECE0}.Debug|Any CPU.Build.0 = Debug|Any CPU
		{C34A3EFC-8BB0-947E-3C0D-5A263E38ECE0}.Release|Any CPU.ActiveCfg = Release|Any CPU
		{C34A3EFC-8BB0-947E-3C0D-5A263E38ECE0}.Release|Any CPU.Build.0 = Release|Any CPU
		{D8B0E224-F562-64D7-EAD9-750ADD7F6CCF}.Debug|Any CPU.ActiveCfg = Debug|Any CPU
		{D8B0E224-F562-64D7-EAD9-750ADD7F6CCF}.Debug|Any CPU.Build.0 = Debug|Any CPU
		{D8B0E224-F562-64D7-EAD9-750ADD7F6CCF}.Release|Any CPU.ActiveCfg = Release|Any CPU
		{D8B0E224-F562-64D7-EAD9-750ADD7F6CCF}.Release|Any CPU.Build.0 = Release|Any CPU
	EndGlobalSection
	GlobalSection(SolutionProperties) = preSolution
		HideSolutionNode = FALSE
	EndGlobalSection
EndGlobal
